
Microsoft Visual Studio Solution File, Format Version 12.00
# Visual Studio Version 17
VisualStudioVersion = 17.0.31903.59
MinimumVisualStudioVersion = 10.0.40219.1
Project("{2150E333-8FDC-42A3-9474-1A3956D46DE8}") = "Services", "Services", "{5854FF58-B8C5-05C6-5BF2-ACE42193F22B}"
EndProject
Project("{FAE04EC0-301F-11D3-BF4B-00C04F79EFBC}") = "AdminService", "Services\AdminService\AdminService.csproj", "{92835D8C-0B0D-423A-91BF-547DE749AAC4}"
EndProject
Project("{2150E333-8FDC-42A3-9474-1A3956D46DE8}") = "API_Gateway", "API_Gateway", "{41C1AA58-E4C2-F270-94D2-CA8B7E7A8E65}"
EndProject
Project("{FAE04EC0-301F-11D3-BF4B-00C04F79EFBC}") = "ApiGateway", "API_Gateway\ApiGateway\ApiGateway.csproj", "{BD56802F-1162-4B74-A846-519D23FA81B1}"
EndProject
Project("{2150E333-8FDC-42A3-9474-1A3956D46DE8}") = "Shared", "Shared", "{4F52FD11-658E-A102-6CD3-7D7C16FFA15B}"
EndProject
Project("{FAE04EC0-301F-11D3-BF4B-00C04F79EFBC}") = "Shared.Core", "Shared\Shared.Core\Shared.Core.csproj", "{534B30C2-2641-4CA1-9FD9-1079BF3FDEBF}"
EndProject
Project("{FAE04EC0-301F-11D3-BF4B-00C04F79EFBC}") = "PaperService", "Services\PaperService\PaperService.csproj", "{9E4DC5C6-D134-4318-8B64-0E410FD32209}"
EndProject
Project("{FAE04EC0-301F-11D3-BF4B-00C04F79EFBC}") = "TrendService", "Services\TrendService\TrendService.csproj", "{1E971257-7B17-4033-B246-8564D08F6126}"
EndProject
Project("{FAE04EC0-301F-11D3-BF4B-00C04F79EFBC}") = "IdentityService", "Services\IdentityService\IdentityService.csproj", "{B6025A82-469C-4B7D-996F-7702503576CE}"
EndProject
Project("{FAE04EC0-301F-11D3-BF4B-00C04F79EFBC}") = "UserService", "Services\UserService\UserService.csproj", "{7A466919-BE9B-464F-95E1-3A51369B4EC7}"
EndProject
Global
	GlobalSection(SolutionConfigurationPlatforms) = preSolution
		Debug|Any CPU = Debug|Any CPU
		Debug|x64 = Debug|x64
		Debug|x86 = Debug|x86
		Release|Any CPU = Release|Any CPU
		Release|x64 = Release|x64
		Release|x86 = Release|x86
	EndGlobalSection
	GlobalSection(ProjectConfigurationPlatforms) = postSolution
		{92835D8C-0B0D-423A-91BF-547DE749AAC4}.Debug|Any CPU.ActiveCfg = Debug|Any CPU
		{92835D8C-0B0D-423A-91BF-547DE749AAC4}.Debug|Any CPU.Build.0 = Debug|Any CPU
		{92835D8C-0B0D-423A-91BF-547DE749AAC4}.Debug|x64.ActiveCfg = Debug|Any CPU
		{92835D8C-0B0D-423A-91BF-547DE749AAC4}.Debug|x64.Build.0 = Debug|Any CPU
		{92835D8C-0B0D-423A-91BF-547DE749AAC4}.Debug|x86.ActiveCfg = Debug|Any CPU
		{92835D8C-0B0D-423A-91BF-547DE749AAC4}.Debug|x86.Build.0 = Debug|Any CPU
		{92835D8C-0B0D-423A-91BF-547DE749AAC4}.Release|Any CPU.ActiveCfg = Release|Any CPU
		{92835D8C-0B0D-423A-91BF-547DE749AAC4}.Release|Any CPU.Build.0 = Release|Any CPU
		{92835D8C-0B0D-423A-91BF-547DE749AAC4}.Release|x64.ActiveCfg = Release|Any CPU
		{92835D8C-0B0D-423A-91BF-547DE749AAC4}.Release|x64.Build.0 = Release|Any CPU
		{92835D8C-0B0D-423A-91BF-547DE749AAC4}.Release|x86.ActiveCfg = Release|Any CPU
		{92835D8C-0B0D-423A-91BF-547DE749AAC4}.Release|x86.Build.0 = Release|Any CPU
		{BD56802F-1162-4B74-A846-519D23FA81B1}.Debug|Any CPU.ActiveCfg = Debug|Any CPU
		{BD56802F-1162-4B74-A846-519D23FA81B1}.Debug|Any CPU.Build.0 = Debug|Any CPU
		{BD56802F-1162-4B74-A846-519D23FA81B1}.Debug|x64.ActiveCfg = Debug|Any CPU
		{BD56802F-1162-4B74-A846-519D23FA81B1}.Debug|x64.Build.0 = Debug|Any CPU
		{BD56802F-1162-4B74-A846-519D23FA81B1}.Debug|x86.ActiveCfg = Debug|Any CPU
		{BD56802F-1162-4B74-A846-519D23FA81B1}.Debug|x86.Build.0 = Debug|Any CPU
		{BD56802F-1162-4B74-A846-519D23FA81B1}.Release|Any CPU.ActiveCfg = Release|Any CPU
		{BD56802F-1162-4B74-A846-519D23FA81B1}.Release|Any CPU.Build.0 = Release|Any CPU
		{BD56802F-1162-4B74-A846-519D23FA81B1}.Release|x64.ActiveCfg = Release|Any CPU
		{BD56802F-1162-4B74-A846-519D23FA81B1}.Release|x64.Build.0 = Release|Any CPU
		{BD56802F-1162-4B74-A846-519D23FA81B1}.Release|x86.ActiveCfg = Release|Any CPU
		{BD56802F-1162-4B74-A846-519D23FA81B1}.Release|x86.Build.0 = Release|Any CPU
		{534B30C2-2641-4CA1-9FD9-1079BF3FDEBF}.Debug|Any CPU.ActiveCfg = Debug|Any CPU
		{534B30C2-2641-4CA1-9FD9-1079BF3FDEBF}.Debug|Any CPU.Build.0 = Debug|Any CPU
		{534B30C2-2641-4CA1-9FD9-1079BF3FDEBF}.Debug|x64.ActiveCfg = Debug|Any CPU
		{534B30C2-2641-4CA1-9FD9-1079BF3FDEBF}.Debug|x64.Build.0 = Debug|Any CPU
		{534B30C2-2641-4CA1-9FD9-1079BF3FDEBF}.Debug|x86.ActiveCfg = Debug|Any CPU
		{534B30C2-2641-4CA1-9FD9-1079BF3FDEBF}.Debug|x86.Build.0 = Debug|Any CPU
		{534B30C2-2641-4CA1-9FD9-1079BF3FDEBF}.Release|Any CPU.ActiveCfg = Release|Any CPU
		{534B30C2-2641-4CA1-9FD9-1079BF3FDEBF}.Release|Any CPU.Build.0 = Release|Any CPU
		{534B30C2-2641-4CA1-9FD9-1079BF3FDEBF}.Release|x64.ActiveCfg = Release|Any CPU
		{534B30C2-2641-4CA1-9FD9-1079BF3FDEBF}.Release|x64.Build.0 = Release|Any CPU
		{534B30C2-2641-4CA1-9FD9-1079BF3FDEBF}.Release|x86.ActiveCfg = Release|Any CPU
		{534B30C2-2641-4CA1-9FD9-1079BF3FDEBF}.Release|x86.Build.0 = Release|Any CPU
		{9E4DC5C6-D134-4318-8B64-0E410FD32209}.Debug|Any CPU.ActiveCfg = Debug|Any CPU
		{9E4DC5C6-D134-4318-8B64-0E410FD32209}.Debug|Any CPU.Build.0 = Debug|Any CPU
		{9E4DC5C6-D134-4318-8B64-0E410FD32209}.Debug|x64.ActiveCfg = Debug|Any CPU
		{9E4DC5C6-D134-4318-8B64-0E410FD32209}.Debug|x64.Build.0 = Debug|Any CPU
		{9E4DC5C6-D134-4318-8B64-0E410FD32209}.Debug|x86.ActiveCfg = Debug|Any CPU
		{9E4DC5C6-D134-4318-8B64-0E410FD32209}.Debug|x86.Build.0 = Debug|Any CPU
		{9E4DC5C6-D134-4318-8B64-0E410FD32209}.Release|Any CPU.ActiveCfg = Release|Any CPU
		{9E4DC5C6-D134-4318-8B64-0E410FD32209}.Release|Any CPU.Build.0 = Release|Any CPU
		{9E4DC5C6-D134-4318-8B64-0E410FD32209}.Release|x64.ActiveCfg = Release|Any CPU
		{9E4DC5C6-D134-4318-8B64-0E410FD32209}.Release|x64.Build.0 = Release|Any CPU
		{9E4DC5C6-D134-4318-8B64-0E410FD32209}.Release|x86.ActiveCfg = Release|Any CPU
		{9E4DC5C6-D134-4318-8B64-0E410FD32209}.Release|x86.Build.0 = Release|Any CPU
		{1E971257-7B17-4033-B246-8564D08F6126}.Debug|Any CPU.ActiveCfg = Debug|Any CPU
		{1E971257-7B17-4033-B246-8564D08F6126}.Debug|Any CPU.Build.0 = Debug|Any CPU
		{1E971257-7B17-4033-B246-8564D08F6126}.Debug|x64.ActiveCfg = Debug|Any CPU
		{1E971257-7B17-4033-B246-8564D08F6126}.Debug|x64.Build.0 = Debug|Any CPU
		{1E971257-7B17-4033-B246-8564D08F6126}.Debug|x86.ActiveCfg = Debug|Any CPU
		{1E971257-7B17-4033-B246-8564D08F6126}.Debug|x86.Build.0 = Debug|Any CPU
		{1E971257-7B17-4033-B246-8564D08F6126}.Release|Any CPU.ActiveCfg = Release|Any CPU
		{1E971257-7B17-4033-B246-8564D08F6126}.Release|Any CPU.Build.0 = Release|Any CPU
		{1E971257-7B17-4033-B246-8564D08F6126}.Release|x64.ActiveCfg = Release|Any CPU
		{1E971257-7B17-4033-B246-8564D08F6126}.Release|x64.Build.0 = Release|Any CPU
		{1E971257-7B17-4033-B246-8564D08F6126}.Release|x86.ActiveCfg = Release|Any CPU
		{1E971257-7B17-4033-B246-8564D08F6126}.Release|x86.Build.0 = Release|Any CPU
		{B6025A82-469C-4B7D-996F-7702503576CE}.Debug|Any CPU.ActiveCfg = Debug|Any CPU
		{B6025A82-469C-4B7D-996F-7702503576CE}.Debug|Any CPU.Build.0 = Debug|Any CPU
		{B6025A82-469C-4B7D-996F-7702503576CE}.Debug|x64.ActiveCfg = Debug|Any CPU
		{B6025A82-469C-4B7D-996F-7702503576CE}.Debug|x64.Build.0 = Debug|Any CPU
		{B6025A82-469C-4B7D-996F-7702503576CE}.Debug|x86.ActiveCfg = Debug|Any CPU
		{B6025A82-469C-4B7D-996F-7702503576CE}.Debug|x86.Build.0 = Debug|Any CPU
		{B6025A82-469C-4B7D-996F-7702503576CE}.Release|Any CPU.ActiveCfg = Release|Any CPU
		{B6025A82-469C-4B7D-996F-7702503576CE}.Release|Any CPU.Build.0 = Release|Any CPU
		{B6025A82-469C-4B7D-996F-7702503576CE}.Release|x64.ActiveCfg = Release|Any CPU
		{B6025A82-469C-4B7D-996F-7702503576CE}.Release|x64.Build.0 = Release|Any CPU
		{B6025A82-469C-4B7D-996F-7702503576CE}.Release|x86.ActiveCfg = Release|Any CPU
		{B6025A82-469C-4B7D-996F-7702503576CE}.Release|x86.Build.0 = Release|Any CPU
		{7A466919-BE9B-464F-95E1-3A51369B4EC7}.Debug|Any CPU.ActiveCfg = Debug|Any CPU
		{7A466919-BE9B-464F-95E1-3A51369B4EC7}.Debug|Any CPU.Build.0 = Debug|Any CPU
		{7A466919-BE9B-464F-95E1-3A51369B4EC7}.Debug|x64.ActiveCfg = Debug|Any CPU
		{7A466919-BE9B-464F-95E1-3A51369B4EC7}.Debug|x64.Build.0 = Debug|Any CPU
		{7A466919-BE9B-464F-95E1-3A51369B4EC7}.Debug|x86.ActiveCfg = Debug|Any CPU
		{7A466919-BE9B-464F-95E1-3A51369B4EC7}.Debug|x86.Build.0 = Debug|Any CPU
		{7A466919-BE9B-464F-95E1-3A51369B4EC7}.Release|Any CPU.ActiveCfg = Release|Any CPU
		{7A466919-BE9B-464F-95E1-3A51369B4EC7}.Release|Any CPU.Build.0 = Release|Any CPU
		{7A466919-BE9B-464F-95E1-3A51369B4EC7}.Release|x64.ActiveCfg = Release|Any CPU
		{7A466919-BE9B-464F-95E1-3A51369B4EC7}.Release|x64.Build.0 = Release|Any CPU
		{7A466919-BE9B-464F-95E1-3A51369B4EC7}.Release|x86.ActiveCfg = Release|Any CPU
		{7A466919-BE9B-464F-95E1-3A51369B4EC7}.Release|x86.Build.0 = Release|Any CPU
	EndGlobalSection
	GlobalSection(SolutionProperties) = preSolution
		HideSolutionNode = FALSE
	EndGlobalSection
	GlobalSection(NestedProjects) = preSolution
		{92835D8C-0B0D-423A-91BF-547DE749AAC4} = {5854FF58-B8C5-05C6-5BF2-ACE42193F22B}
		{BD56802F-1162-4B74-A846-519D23FA81B1} = {41C1AA58-E4C2-F270-94D2-CA8B7E7A8E65}
		{534B30C2-2641-4CA1-9FD9-1079BF3FDEBF} = {4F52FD11-658E-A102-6CD3-7D7C16FFA15B}
		{9E4DC5C6-D134-4318-8B64-0E410FD32209} = {5854FF58-B8C5-05C6-5BF2-ACE42193F22B}
		{1E971257-7B17-4033-B246-8564D08F6126} = {5854FF58-B8C5-05C6-5BF2-ACE42193F22B}
		{B6025A82-469C-4B7D-996F-7702503576CE} = {5854FF58-B8C5-05C6-5BF2-ACE42193F22B}
		{7A466919-BE9B-464F-95E1-3A51369B4EC7} = {5854FF58-B8C5-05C6-5BF2-ACE42193F22B}
	EndGlobalSection
EndGlobal
